
Microsoft Visual Studio Solution File, Format Version 12.00
# Visual Studio Version 17
VisualStudioVersion = 17.3.32929.385
MinimumVisualStudioVersion = 10.0.40219.1
Project("{FAE04EC0-301F-11D3-BF4B-00C04F79EFBC}") = "Tarea4", "Tarea4\Tarea4.csproj", "{1A8D0356-934D-4E4B-8D3A-D575F14C1C5A}"
EndProject
Global
	GlobalSection(SolutionConfigurationPlatforms) = preSolution
		Debug|Any CPU = Debug|Any CPU
		Release|Any CPU = Release|Any CPU
	EndGlobalSection
	GlobalSection(ProjectConfigurationPlatforms) = postSolution
		{1A8D0356-934D-4E4B-8D3A-D575F14C1C5A}.Debug|Any CPU.ActiveCfg = Debug|Any CPU
		{1A8D0356-934D-4E4B-8D3A-D575F14C1C5A}.Debug|Any CPU.Build.0 = Debug|Any CPU
		{1A8D0356-934D-4E4B-8D3A-D575F14C1C5A}.Release|Any CPU.ActiveCfg = Release|Any CPU
		{1A8D0356-934D-4E4B-8D3A-D575F14C1C5A}.Release|Any CPU.Build.0 = Release|Any CPU
	EndGlobalSection
	GlobalSection(SolutionProperties) = preSolution
		HideSolutionNode = FALSE
	EndGlobalSection
	GlobalSection(ExtensibilityGlobals) = postSolution
		SolutionGuid = {A40CED08-796A-4B96-AB67-6A528786B90A}
	EndGlobalSection
EndGlobal
